
Microsoft Visual Studio Solution File, Format Version 12.00
# Visual Studio 15
VisualStudioVersion = 15.0.28010.2019
MinimumVisualStudioVersion = 10.0.40219.1
Project("{9A19103F-16F7-4668-BE54-9A1E7A4F7556}") = "CudaBlas", "CudaBlas\CudaBlas.csproj", "{C83868D7-E8C0-4DB4-B766-C8F060B80A8E}"
EndProject
Project("{9A19103F-16F7-4668-BE54-9A1E7A4F7556}") = "ManagedCuda", "ManagedCUDA\ManagedCuda.csproj", "{93CCC675-058C-4981-A6D3-F7C4D8E28AA6}"
EndProject
Project("{9A19103F-16F7-4668-BE54-9A1E7A4F7556}") = "CudaFFT", "CudaFFT\CudaFFT.csproj", "{9FC6944A-F420-4064-BCD8-99DB2DA767B4}"
EndProject
Project("{9A19103F-16F7-4668-BE54-9A1E7A4F7556}") = "CudaRand", "CudaRand\CudaRand.csproj", "{D014047D-6132-4D90-98F5-4C83CF12597A}"
EndProject
Project("{9A19103F-16F7-4668-BE54-9A1E7A4F7556}") = "CudaSolve", "CudaSolve\CudaSolve.csproj", "{09A487EB-C06A-4743-B873-3E6AE9FD9090}"
EndProject
Project("{9A19103F-16F7-4668-BE54-9A1E7A4F7556}") = "CudaSparse", "CudaSparse\CudaSparse.csproj", "{504E4208-C548-4AE6-A4F3-85040B2FC864}"
EndProject
Project("{9A19103F-16F7-4668-BE54-9A1E7A4F7556}") = "NPP", "NPP\NPP.csproj", "{6EB9E5A0-C934-44F5-8355-BC72B688DE80}"
EndProject
Project("{9A19103F-16F7-4668-BE54-9A1E7A4F7556}") = "NVGraph", "NVGraph\NVGraph.csproj", "{12875A4C-C6B3-4258-8EC1-E89B19DCC3D7}"
EndProject
Project("{9A19103F-16F7-4668-BE54-9A1E7A4F7556}") = "Nvml", "Nvml\Nvml.csproj", "{62942390-7B5A-487D-96AA-D6FF2029EF4F}"
EndProject
Project("{9A19103F-16F7-4668-BE54-9A1E7A4F7556}") = "NVRTC", "NVRTC\NVRTC.csproj", "{F085CFF8-9623-4892-B0EE-C39EEFD0E4D5}"
EndProject
Project("{9A19103F-16F7-4668-BE54-9A1E7A4F7556}") = "Samples", "Samples\SampleScripts\Samples.csproj", "{9B3101B7-0F5C-49F3-8CCD-2763F73327C2}"
EndProject
Global
	GlobalSection(SolutionConfigurationPlatforms) = preSolution
		Debug|Any CPU = Debug|Any CPU
		Debug|Mixed Platforms = Debug|Mixed Platforms
		Debug|NuGet_x64 = Debug|NuGet_x64
		Debug|NuGet_x86 = Debug|NuGet_x86
		Debug|x64 = Debug|x64
		Debug|x86 = Debug|x86
		Release|Any CPU = Release|Any CPU
		Release|Mixed Platforms = Release|Mixed Platforms
		Release|NuGet_x64 = Release|NuGet_x64
		Release|NuGet_x86 = Release|NuGet_x86
		Release|x64 = Release|x64
		Release|x86 = Release|x86
	EndGlobalSection
	GlobalSection(ProjectConfigurationPlatforms) = postSolution
		{C83868D7-E8C0-4DB4-B766-C8F060B80A8E}.Debug|Any CPU.ActiveCfg = Debug|Any CPU
		{C83868D7-E8C0-4DB4-B766-C8F060B80A8E}.Debug|Any CPU.Build.0 = Debug|Any CPU
		{C83868D7-E8C0-4DB4-B766-C8F060B80A8E}.Debug|Mixed Platforms.ActiveCfg = Debug|Any CPU
		{C83868D7-E8C0-4DB4-B766-C8F060B80A8E}.Debug|Mixed Platforms.Build.0 = Debug|Any CPU
		{C83868D7-E8C0-4DB4-B766-C8F060B80A8E}.Debug|NuGet_x64.ActiveCfg = Debug|Any CPU
		{C83868D7-E8C0-4DB4-B766-C8F060B80A8E}.Debug|NuGet_x64.Build.0 = Debug|Any CPU
		{C83868D7-E8C0-4DB4-B766-C8F060B80A8E}.Debug|NuGet_x86.ActiveCfg = Debug|Any CPU
		{C83868D7-E8C0-4DB4-B766-C8F060B80A8E}.Debug|NuGet_x86.Build.0 = Debug|Any CPU
		{C83868D7-E8C0-4DB4-B766-C8F060B80A8E}.Debug|x64.ActiveCfg = Debug|Any CPU
		{C83868D7-E8C0-4DB4-B766-C8F060B80A8E}.Debug|x64.Build.0 = Debug|Any CPU
		{C83868D7-E8C0-4DB4-B766-C8F060B80A8E}.Debug|x86.ActiveCfg = Debug|Any CPU
		{C83868D7-E8C0-4DB4-B766-C8F060B80A8E}.Debug|x86.Build.0 = Debug|Any CPU
		{C83868D7-E8C0-4DB4-B766-C8F060B80A8E}.Release|Any CPU.ActiveCfg = Release|Any CPU
		{C83868D7-E8C0-4DB4-B766-C8F060B80A8E}.Release|Any CPU.Build.0 = Release|Any CPU
		{C83868D7-E8C0-4DB4-B766-C8F060B80A8E}.Release|Mixed Platforms.ActiveCfg = Release|Any CPU
		{C83868D7-E8C0-4DB4-B766-C8F060B80A8E}.Release|Mixed Platforms.Build.0 = Release|Any CPU
		{C83868D7-E8C0-4DB4-B766-C8F060B80A8E}.Release|NuGet_x64.ActiveCfg = Release|Any CPU
		{C83868D7-E8C0-4DB4-B766-C8F060B80A8E}.Release|NuGet_x64.Build.0 = Release|Any CPU
		{C83868D7-E8C0-4DB4-B766-C8F060B80A8E}.Release|NuGet_x86.ActiveCfg = Release|Any CPU
		{C83868D7-E8C0-4DB4-B766-C8F060B80A8E}.Release|NuGet_x86.Build.0 = Release|Any CPU
		{C83868D7-E8C0-4DB4-B766-C8F060B80A8E}.Release|x64.ActiveCfg = Release|Any CPU
		{C83868D7-E8C0-4DB4-B766-C8F060B80A8E}.Release|x64.Build.0 = Release|Any CPU
		{C83868D7-E8C0-4DB4-B766-C8F060B80A8E}.Release|x86.ActiveCfg = Release|Any CPU
		{C83868D7-E8C0-4DB4-B766-C8F060B80A8E}.Release|x86.Build.0 = Release|Any CPU
		{93CCC675-058C-4981-A6D3-F7C4D8E28AA6}.Debug|Any CPU.ActiveCfg = Debug|Any CPU
		{93CCC675-058C-4981-A6D3-F7C4D8E28AA6}.Debug|Any CPU.Build.0 = Debug|Any CPU
		{93CCC675-058C-4981-A6D3-F7C4D8E28AA6}.Debug|Mixed Platforms.ActiveCfg = Debug|Any CPU
		{93CCC675-058C-4981-A6D3-F7C4D8E28AA6}.Debug|Mixed Platforms.Build.0 = Debug|Any CPU
		{93CCC675-058C-4981-A6D3-F7C4D8E28AA6}.Debug|NuGet_x64.ActiveCfg = Debug|Any CPU
		{93CCC675-058C-4981-A6D3-F7C4D8E28AA6}.Debug|NuGet_x64.Build.0 = Debug|Any CPU
		{93CCC675-058C-4981-A6D3-F7C4D8E28AA6}.Debug|NuGet_x86.ActiveCfg = Debug|Any CPU
		{93CCC675-058C-4981-A6D3-F7C4D8E28AA6}.Debug|NuGet_x86.Build.0 = Debug|Any CPU
		{93CCC675-058C-4981-A6D3-F7C4D8E28AA6}.Debug|x64.ActiveCfg = Debug|Any CPU
		{93CCC675-058C-4981-A6D3-F7C4D8E28AA6}.Debug|x64.Build.0 = Debug|Any CPU
		{93CCC675-058C-4981-A6D3-F7C4D8E28AA6}.Debug|x86.ActiveCfg = Debug|Any CPU
		{93CCC675-058C-4981-A6D3-F7C4D8E28AA6}.Debug|x86.Build.0 = Debug|Any CPU
		{93CCC675-058C-4981-A6D3-F7C4D8E28AA6}.Release|Any CPU.ActiveCfg = Release|Any CPU
		{93CCC675-058C-4981-A6D3-F7C4D8E28AA6}.Release|Any CPU.Build.0 = Release|Any CPU
		{93CCC675-058C-4981-A6D3-F7C4D8E28AA6}.Release|Mixed Platforms.ActiveCfg = Release|Any CPU
		{93CCC675-058C-4981-A6D3-F7C4D8E28AA6}.Release|Mixed Platforms.Build.0 = Release|Any CPU
		{93CCC675-058C-4981-A6D3-F7C4D8E28AA6}.Release|NuGet_x64.ActiveCfg = Release|Any CPU
		{93CCC675-058C-4981-A6D3-F7C4D8E28AA6}.Release|NuGet_x64.Build.0 = Release|Any CPU
		{93CCC675-058C-4981-A6D3-F7C4D8E28AA6}.Release|NuGet_x86.ActiveCfg = Release|Any CPU
		{93CCC675-058C-4981-A6D3-F7C4D8E28AA6}.Release|NuGet_x86.Build.0 = Release|Any CPU
		{93CCC675-058C-4981-A6D3-F7C4D8E28AA6}.Release|x64.ActiveCfg = Release|Any CPU
		{93CCC675-058C-4981-A6D3-F7C4D8E28AA6}.Release|x64.Build.0 = Release|Any CPU
		{93CCC675-058C-4981-A6D3-F7C4D8E28AA6}.Release|x86.ActiveCfg = Release|Any CPU
		{93CCC675-058C-4981-A6D3-F7C4D8E28AA6}.Release|x86.Build.0 = Release|Any CPU
		{9FC6944A-F420-4064-BCD8-99DB2DA767B4}.Debug|Any CPU.ActiveCfg = Debug|Any CPU
		{9FC6944A-F420-4064-BCD8-99DB2DA767B4}.Debug|Any CPU.Build.0 = Debug|Any CPU
		{9FC6944A-F420-4064-BCD8-99DB2DA767B4}.Debug|Mixed Platforms.ActiveCfg = Debug|Any CPU
		{9FC6944A-F420-4064-BCD8-99DB2DA767B4}.Debug|Mixed Platforms.Build.0 = Debug|Any CPU
		{9FC6944A-F420-4064-BCD8-99DB2DA767B4}.Debug|NuGet_x64.ActiveCfg = Debug|Any CPU
		{9FC6944A-F420-4064-BCD8-99DB2DA767B4}.Debug|NuGet_x64.Build.0 = Debug|Any CPU
		{9FC6944A-F420-4064-BCD8-99DB2DA767B4}.Debug|NuGet_x86.ActiveCfg = Debug|Any CPU
		{9FC6944A-F420-4064-BCD8-99DB2DA767B4}.Debug|NuGet_x86.Build.0 = Debug|Any CPU
		{9FC6944A-F420-4064-BCD8-99DB2DA767B4}.Debug|x64.ActiveCfg = Debug|Any CPU
		{9FC6944A-F420-4064-BCD8-99DB2DA767B4}.Debug|x64.Build.0 = Debug|Any CPU
		{9FC6944A-F420-4064-BCD8-99DB2DA767B4}.Debug|x86.ActiveCfg = Debug|Any CPU
		{9FC6944A-F420-4064-BCD8-99DB2DA767B4}.Debug|x86.Build.0 = Debug|Any CPU
		{9FC6944A-F420-4064-BCD8-99DB2DA767B4}.Release|Any CPU.ActiveCfg = Release|Any CPU
		{9FC6944A-F420-4064-BCD8-99DB2DA767B4}.Release|Any CPU.Build.0 = Release|Any CPU
		{9FC6944A-F420-4064-BCD8-99DB2DA767B4}.Release|Mixed Platforms.ActiveCfg = Release|Any CPU
		{9FC6944A-F420-4064-BCD8-99DB2DA767B4}.Release|Mixed Platforms.Build.0 = Release|Any CPU
		{9FC6944A-F420-4064-BCD8-99DB2DA767B4}.Release|NuGet_x64.ActiveCfg = Release|Any CPU
		{9FC6944A-F420-4064-BCD8-99DB2DA767B4}.Release|NuGet_x64.Build.0 = Release|Any CPU
		{9FC6944A-F420-4064-BCD8-99DB2DA767B4}.Release|NuGet_x86.ActiveCfg = Release|Any CPU
		{9FC6944A-F420-4064-BCD8-99DB2DA767B4}.Release|NuGet_x86.Build.0 = Release|Any CPU
		{9FC6944A-F420-4064-BCD8-99DB2DA767B4}.Release|x64.ActiveCfg = Release|Any CPU
		{9FC6944A-F420-4064-BCD8-99DB2DA767B4}.Release|x64.Build.0 = Release|Any CPU
		{9FC6944A-F420-4064-BCD8-99DB2DA767B4}.Release|x86.ActiveCfg = Release|Any CPU
		{9FC6944A-F420-4064-BCD8-99DB2DA767B4}.Release|x86.Build.0 = Release|Any CPU
		{D014047D-6132-4D90-98F5-4C83CF12597A}.Debug|Any CPU.ActiveCfg = Debug|Any CPU
		{D014047D-6132-4D90-98F5-4C83CF12597A}.Debug|Any CPU.Build.0 = Debug|Any CPU
		{D014047D-6132-4D90-98F5-4C83CF12597A}.Debug|Mixed Platforms.ActiveCfg = Debug|Any CPU
		{D014047D-6132-4D90-98F5-4C83CF12597A}.Debug|Mixed Platforms.Build.0 = Debug|Any CPU
		{D014047D-6132-4D90-98F5-4C83CF12597A}.Debug|NuGet_x64.ActiveCfg = Debug|Any CPU
		{D014047D-6132-4D90-98F5-4C83CF12597A}.Debug|NuGet_x64.Build.0 = Debug|Any CPU
		{D014047D-6132-4D90-98F5-4C83CF12597A}.Debug|NuGet_x86.ActiveCfg = Debug|Any CPU
		{D014047D-6132-4D90-98F5-4C83CF12597A}.Debug|NuGet_x86.Build.0 = Debug|Any CPU
		{D014047D-6132-4D90-98F5-4C83CF12597A}.Debug|x64.ActiveCfg = Debug|Any CPU
		{D014047D-6132-4D90-98F5-4C83CF12597A}.Debug|x64.Build.0 = Debug|Any CPU
		{D014047D-6132-4D90-98F5-4C83CF12597A}.Debug|x86.ActiveCfg = Debug|Any CPU
		{D014047D-6132-4D90-98F5-4C83CF12597A}.Debug|x86.Build.0 = Debug|Any CPU
		{D014047D-6132-4D90-98F5-4C83CF12597A}.Release|Any CPU.ActiveCfg = Release|Any CPU
		{D014047D-6132-4D90-98F5-4C83CF12597A}.Release|Any CPU.Build.0 = Release|Any CPU
		{D014047D-6132-4D90-98F5-4C83CF12597A}.Release|Mixed Platforms.ActiveCfg = Release|Any CPU
		{D014047D-6132-4D90-98F5-4C83CF12597A}.Release|Mixed Platforms.Build.0 = Release|Any CPU
		{D014047D-6132-4D90-98F5-4C83CF12597A}.Release|NuGet_x64.ActiveCfg = Release|Any CPU
		{D014047D-6132-4D90-98F5-4C83CF12597A}.Release|NuGet_x64.Build.0 = Release|Any CPU
		{D014047D-6132-4D90-98F5-4C83CF12597A}.Release|NuGet_x86.ActiveCfg = Release|Any CPU
		{D014047D-6132-4D90-98F5-4C83CF12597A}.Release|NuGet_x86.Build.0 = Release|Any CPU
		{D014047D-6132-4D90-98F5-4C83CF12597A}.Release|x64.ActiveCfg = Release|Any CPU
		{D014047D-6132-4D90-98F5-4C83CF12597A}.Release|x64.Build.0 = Release|Any CPU
		{D014047D-6132-4D90-98F5-4C83CF12597A}.Release|x86.ActiveCfg = Release|Any CPU
		{D014047D-6132-4D90-98F5-4C83CF12597A}.Release|x86.Build.0 = Release|Any CPU
		{09A487EB-C06A-4743-B873-3E6AE9FD9090}.Debug|Any CPU.ActiveCfg = Debug|Any CPU
		{09A487EB-C06A-4743-B873-3E6AE9FD9090}.Debug|Any CPU.Build.0 = Debug|Any CPU
		{09A487EB-C06A-4743-B873-3E6AE9FD9090}.Debug|Mixed Platforms.ActiveCfg = Debug|Any CPU
		{09A487EB-C06A-4743-B873-3E6AE9FD9090}.Debug|Mixed Platforms.Build.0 = Debug|Any CPU
		{09A487EB-C06A-4743-B873-3E6AE9FD9090}.Debug|NuGet_x64.ActiveCfg = Debug|Any CPU
		{09A487EB-C06A-4743-B873-3E6AE9FD9090}.Debug|NuGet_x64.Build.0 = Debug|Any CPU
		{09A487EB-C06A-4743-B873-3E6AE9FD9090}.Debug|NuGet_x86.ActiveCfg = Debug|Any CPU
		{09A487EB-C06A-4743-B873-3E6AE9FD9090}.Debug|NuGet_x86.Build.0 = Debug|Any CPU
		{09A487EB-C06A-4743-B873-3E6AE9FD9090}.Debug|x64.ActiveCfg = Debug|Any CPU
		{09A487EB-C06A-4743-B873-3E6AE9FD9090}.Debug|x64.Build.0 = Debug|Any CPU
		{09A487EB-C06A-4743-B873-3E6AE9FD9090}.Debug|x86.ActiveCfg = Debug|Any CPU
		{09A487EB-C06A-4743-B873-3E6AE9FD9090}.Debug|x86.Build.0 = Debug|Any CPU
		{09A487EB-C06A-4743-B873-3E6AE9FD9090}.Release|Any CPU.ActiveCfg = Release|Any CPU
		{09A487EB-C06A-4743-B873-3E6AE9FD9090}.Release|Any CPU.Build.0 = Release|Any CPU
		{09A487EB-C06A-4743-B873-3E6AE9FD9090}.Release|Mixed Platforms.ActiveCfg = Release|Any CPU
		{09A487EB-C06A-4743-B873-3E6AE9FD9090}.Release|Mixed Platforms.Build.0 = Release|Any CPU
		{09A487EB-C06A-4743-B873-3E6AE9FD9090}.Release|NuGet_x64.ActiveCfg = Release|Any CPU
		{09A487EB-C06A-4743-B873-3E6AE9FD9090}.Release|NuGet_x64.Build.0 = Release|Any CPU
		{09A487EB-C06A-4743-B873-3E6AE9FD9090}.Release|NuGet_x86.ActiveCfg = Release|Any CPU
		{09A487EB-C06A-4743-B873-3E6AE9FD9090}.Release|NuGet_x86.Build.0 = Release|Any CPU
		{09A487EB-C06A-4743-B873-3E6AE9FD9090}.Release|x64.ActiveCfg = Release|Any CPU
		{09A487EB-C06A-4743-B873-3E6AE9FD9090}.Release|x64.Build.0 = Release|Any CPU
		{09A487EB-C06A-4743-B873-3E6AE9FD9090}.Release|x86.ActiveCfg = Release|Any CPU
		{09A487EB-C06A-4743-B873-3E6AE9FD9090}.Release|x86.Build.0 = Release|Any CPU
		{504E4208-C548-4AE6-A4F3-85040B2FC864}.Debug|Any CPU.ActiveCfg = Debug|Any CPU
		{504E4208-C548-4AE6-A4F3-85040B2FC864}.Debug|Any CPU.Build.0 = Debug|Any CPU
		{504E4208-C548-4AE6-A4F3-85040B2FC864}.Debug|Mixed Platforms.ActiveCfg = Debug|Any CPU
		{504E4208-C548-4AE6-A4F3-85040B2FC864}.Debug|Mixed Platforms.Build.0 = Debug|Any CPU
		{504E4208-C548-4AE6-A4F3-85040B2FC864}.Debug|NuGet_x64.ActiveCfg = Debug|Any CPU
		{504E4208-C548-4AE6-A4F3-85040B2FC864}.Debug|NuGet_x64.Build.0 = Debug|Any CPU
		{504E4208-C548-4AE6-A4F3-85040B2FC864}.Debug|NuGet_x86.ActiveCfg = Debug|Any CPU
		{504E4208-C548-4AE6-A4F3-85040B2FC864}.Debug|NuGet_x86.Build.0 = Debug|Any CPU
		{504E4208-C548-4AE6-A4F3-85040B2FC864}.Debug|x64.ActiveCfg = Debug|Any CPU
		{504E4208-C548-4AE6-A4F3-85040B2FC864}.Debug|x64.Build.0 = Debug|Any CPU
		{504E4208-C548-4AE6-A4F3-85040B2FC864}.Debug|x86.ActiveCfg = Debug|Any CPU
		{504E4208-C548-4AE6-A4F3-85040B2FC864}.Debug|x86.Build.0 = Debug|Any CPU
		{504E4208-C548-4AE6-A4F3-85040B2FC864}.Release|Any CPU.ActiveCfg = Release|Any CPU
		{504E4208-C548-4AE6-A4F3-85040B2FC864}.Release|Any CPU.Build.0 = Release|Any CPU
		{504E4208-C548-4AE6-A4F3-85040B2FC864}.Release|Mixed Platforms.ActiveCfg = Release|Any CPU
		{504E4208-C548-4AE6-A4F3-85040B2FC864}.Release|Mixed Platforms.Build.0 = Release|Any CPU
		{504E4208-C548-4AE6-A4F3-85040B2FC864}.Release|NuGet_x64.ActiveCfg = Release|Any CPU
		{504E4208-C548-4AE6-A4F3-85040B2FC864}.Release|NuGet_x64.Build.0 = Release|Any CPU
		{504E4208-C548-4AE6-A4F3-85040B2FC864}.Release|NuGet_x86.ActiveCfg = Release|Any CPU
		{504E4208-C548-4AE6-A4F3-85040B2FC864}.Release|NuGet_x86.Build.0 = Release|Any CPU
		{504E4208-C548-4AE6-A4F3-85040B2FC864}.Release|x64.ActiveCfg = Release|Any CPU
		{504E4208-C548-4AE6-A4F3-85040B2FC864}.Release|x64.Build.0 = Release|Any CPU
		{504E4208-C548-4AE6-A4F3-85040B2FC864}.Release|x86.ActiveCfg = Release|Any CPU
		{504E4208-C548-4AE6-A4F3-85040B2FC864}.Release|x86.Build.0 = Release|Any CPU
		{6EB9E5A0-C934-44F5-8355-BC72B688DE80}.Debug|Any CPU.ActiveCfg = Debug|Any CPU
		{6EB9E5A0-C934-44F5-8355-BC72B688DE80}.Debug|Any CPU.Build.0 = Debug|Any CPU
		{6EB9E5A0-C934-44F5-8355-BC72B688DE80}.Debug|Mixed Platforms.ActiveCfg = Debug|Any CPU
		{6EB9E5A0-C934-44F5-8355-BC72B688DE80}.Debug|Mixed Platforms.Build.0 = Debug|Any CPU
		{6EB9E5A0-C934-44F5-8355-BC72B688DE80}.Debug|NuGet_x64.ActiveCfg = Debug|Any CPU
		{6EB9E5A0-C934-44F5-8355-BC72B688DE80}.Debug|NuGet_x64.Build.0 = Debug|Any CPU
		{6EB9E5A0-C934-44F5-8355-BC72B688DE80}.Debug|NuGet_x86.ActiveCfg = Debug|Any CPU
		{6EB9E5A0-C934-44F5-8355-BC72B688DE80}.Debug|NuGet_x86.Build.0 = Debug|Any CPU
		{6EB9E5A0-C934-44F5-8355-BC72B688DE80}.Debug|x64.ActiveCfg = Debug|Any CPU
		{6EB9E5A0-C934-44F5-8355-BC72B688DE80}.Debug|x64.Build.0 = Debug|Any CPU
		{6EB9E5A0-C934-44F5-8355-BC72B688DE80}.Debug|x86.ActiveCfg = Debug|Any CPU
		{6EB9E5A0-C934-44F5-8355-BC72B688DE80}.Debug|x86.Build.0 = Debug|Any CPU
		{6EB9E5A0-C934-44F5-8355-BC72B688DE80}.Release|Any CPU.ActiveCfg = Release|Any CPU
		{6EB9E5A0-C934-44F5-8355-BC72B688DE80}.Release|Any CPU.Build.0 = Release|Any CPU
		{6EB9E5A0-C934-44F5-8355-BC72B688DE80}.Release|Mixed Platforms.ActiveCfg = Release|Any CPU
		{6EB9E5A0-C934-44F5-8355-BC72B688DE80}.Release|Mixed Platforms.Build.0 = Release|Any CPU
		{6EB9E5A0-C934-44F5-8355-BC72B688DE80}.Release|NuGet_x64.ActiveCfg = Release|Any CPU
		{6EB9E5A0-C934-44F5-8355-BC72B688DE80}.Release|NuGet_x64.Build.0 = Release|Any CPU
		{6EB9E5A0-C934-44F5-8355-BC72B688DE80}.Release|NuGet_x86.ActiveCfg = Release|Any CPU
		{6EB9E5A0-C934-44F5-8355-BC72B688DE80}.Release|NuGet_x86.Build.0 = Release|Any CPU
		{6EB9E5A0-C934-44F5-8355-BC72B688DE80}.Release|x64.ActiveCfg = Release|Any CPU
		{6EB9E5A0-C934-44F5-8355-BC72B688DE80}.Release|x64.Build.0 = Release|Any CPU
		{6EB9E5A0-C934-44F5-8355-BC72B688DE80}.Release|x86.ActiveCfg = Release|Any CPU
		{6EB9E5A0-C934-44F5-8355-BC72B688DE80}.Release|x86.Build.0 = Release|Any CPU
		{12875A4C-C6B3-4258-8EC1-E89B19DCC3D7}.Debug|Any CPU.ActiveCfg = Debug|Any CPU
		{12875A4C-C6B3-4258-8EC1-E89B19DCC3D7}.Debug|Any CPU.Build.0 = Debug|Any CPU
		{12875A4C-C6B3-4258-8EC1-E89B19DCC3D7}.Debug|Mixed Platforms.ActiveCfg = Debug|Any CPU
		{12875A4C-C6B3-4258-8EC1-E89B19DCC3D7}.Debug|Mixed Platforms.Build.0 = Debug|Any CPU
		{12875A4C-C6B3-4258-8EC1-E89B19DCC3D7}.Debug|NuGet_x64.ActiveCfg = Debug|Any CPU
		{12875A4C-C6B3-4258-8EC1-E89B19DCC3D7}.Debug|NuGet_x64.Build.0 = Debug|Any CPU
		{12875A4C-C6B3-4258-8EC1-E89B19DCC3D7}.Debug|NuGet_x86.ActiveCfg = Debug|Any CPU
		{12875A4C-C6B3-4258-8EC1-E89B19DCC3D7}.Debug|NuGet_x86.Build.0 = Debug|Any CPU
		{12875A4C-C6B3-4258-8EC1-E89B19DCC3D7}.Debug|x64.ActiveCfg = Debug|Any CPU
		{12875A4C-C6B3-4258-8EC1-E89B19DCC3D7}.Debug|x64.Build.0 = Debug|Any CPU
		{12875A4C-C6B3-4258-8EC1-E89B19DCC3D7}.Debug|x86.ActiveCfg = Debug|Any CPU
		{12875A4C-C6B3-4258-8EC1-E89B19DCC3D7}.Debug|x86.Build.0 = Debug|Any CPU
		{12875A4C-C6B3-4258-8EC1-E89B19DCC3D7}.Release|Any CPU.ActiveCfg = Release|Any CPU
		{12875A4C-C6B3-4258-8EC1-E89B19DCC3D7}.Release|Any CPU.Build.0 = Release|Any CPU
		{12875A4C-C6B3-4258-8EC1-E89B19DCC3D7}.Release|Mixed Platforms.ActiveCfg = Release|Any CPU
		{12875A4C-C6B3-4258-8EC1-E89B19DCC3D7}.Release|Mixed Platforms.Build.0 = Release|Any CPU
		{12875A4C-C6B3-4258-8EC1-E89B19DCC3D7}.Release|NuGet_x64.ActiveCfg = Release|Any CPU
		{12875A4C-C6B3-4258-8EC1-E89B19DCC3D7}.Release|NuGet_x64.Build.0 = Release|Any CPU
		{12875A4C-C6B3-4258-8EC1-E89B19DCC3D7}.Release|NuGet_x86.ActiveCfg = Release|Any CPU
		{12875A4C-C6B3-4258-8EC1-E89B19DCC3D7}.Release|NuGet_x86.Build.0 = Release|Any CPU
		{12875A4C-C6B3-4258-8EC1-E89B19DCC3D7}.Release|x64.ActiveCfg = Release|Any CPU
		{12875A4C-C6B3-4258-8EC1-E89B19DCC3D7}.Release|x64.Build.0 = Release|Any CPU
		{12875A4C-C6B3-4258-8EC1-E89B19DCC3D7}.Release|x86.ActiveCfg = Release|Any CPU
		{12875A4C-C6B3-4258-8EC1-E89B19DCC3D7}.Release|x86.Build.0 = Release|Any CPU
		{62942390-7B5A-487D-96AA-D6FF2029EF4F}.Debug|Any CPU.ActiveCfg = Debug|Any CPU
		{62942390-7B5A-487D-96AA-D6FF2029EF4F}.Debug|Any CPU.Build.0 = Debug|Any CPU
		{62942390-7B5A-487D-96AA-D6FF2029EF4F}.Debug|Mixed Platforms.ActiveCfg = Debug|Any CPU
		{62942390-7B5A-487D-96AA-D6FF2029EF4F}.Debug|Mixed Platforms.Build.0 = Debug|Any CPU
		{62942390-7B5A-487D-96AA-D6FF2029EF4F}.Debug|NuGet_x64.ActiveCfg = Debug|Any CPU
		{62942390-7B5A-487D-96AA-D6FF2029EF4F}.Debug|NuGet_x64.Build.0 = Debug|Any CPU
		{62942390-7B5A-487D-96AA-D6FF2029EF4F}.Debug|NuGet_x86.ActiveCfg = Debug|Any CPU
		{62942390-7B5A-487D-96AA-D6FF2029EF4F}.Debug|NuGet_x86.Build.0 = Debug|Any CPU
		{62942390-7B5A-487D-96AA-D6FF2029EF4F}.Debug|x64.ActiveCfg = Debug|Any CPU
		{62942390-7B5A-487D-96AA-D6FF2029EF4F}.Debug|x64.Build.0 = Debug|Any CPU
		{62942390-7B5A-487D-96AA-D6FF2029EF4F}.Debug|x86.ActiveCfg = Debug|Any CPU
		{62942390-7B5A-487D-96AA-D6FF2029EF4F}.Debug|x86.Build.0 = Debug|Any CPU
		{62942390-7B5A-487D-96AA-D6FF2029EF4F}.Release|Any CPU.ActiveCfg = Release|Any CPU
		{62942390-7B5A-487D-96AA-D6FF2029EF4F}.Release|Any CPU.Build.0 = Release|Any CPU
		{62942390-7B5A-487D-96AA-D6FF2029EF4F}.Release|Mixed Platforms.ActiveCfg = Release|Any CPU
		{62942390-7B5A-487D-96AA-D6FF2029EF4F}.Release|Mixed Platforms.Build.0 = Release|Any CPU
		{62942390-7B5A-487D-96AA-D6FF2029EF4F}.Release|NuGet_x64.ActiveCfg = Release|Any CPU
		{62942390-7B5A-487D-96AA-D6FF2029EF4F}.Release|NuGet_x64.Build.0 = Release|Any CPU
		{62942390-7B5A-487D-96AA-D6FF2029EF4F}.Release|NuGet_x86.ActiveCfg = Release|Any CPU
		{62942390-7B5A-487D-96AA-D6FF2029EF4F}.Release|NuGet_x86.Build.0 = Release|Any CPU
		{62942390-7B5A-487D-96AA-D6FF2029EF4F}.Release|x64.ActiveCfg = Release|Any CPU
		{62942390-7B5A-487D-96AA-D6FF2029EF4F}.Release|x64.Build.0 = Release|Any CPU
		{62942390-7B5A-487D-96AA-D6FF2029EF4F}.Release|x86.ActiveCfg = Release|Any CPU
		{62942390-7B5A-487D-96AA-D6FF2029EF4F}.Release|x86.Build.0 = Release|Any CPU
		{F085CFF8-9623-4892-B0EE-C39EEFD0E4D5}.Debug|Any CPU.ActiveCfg = Debug|Any CPU
		{F085CFF8-9623-4892-B0EE-C39EEFD0E4D5}.Debug|Any CPU.Build.0 = Debug|Any CPU
		{F085CFF8-9623-4892-B0EE-C39EEFD0E4D5}.Debug|Mixed Platforms.ActiveCfg = Debug|Any CPU
		{F085CFF8-9623-4892-B0EE-C39EEFD0E4D5}.Debug|Mixed Platforms.Build.0 = Debug|Any CPU
		{F085CFF8-9623-4892-B0EE-C39EEFD0E4D5}.Debug|NuGet_x64.ActiveCfg = Debug|Any CPU
		{F085CFF8-9623-4892-B0EE-C39EEFD0E4D5}.Debug|NuGet_x64.Build.0 = Debug|Any CPU
		{F085CFF8-9623-4892-B0EE-C39EEFD0E4D5}.Debug|NuGet_x86.ActiveCfg = Debug|Any CPU
		{F085CFF8-9623-4892-B0EE-C39EEFD0E4D5}.Debug|NuGet_x86.Build.0 = Debug|Any CPU
		{F085CFF8-9623-4892-B0EE-C39EEFD0E4D5}.Debug|x64.ActiveCfg = Debug|Any CPU
		{F085CFF8-9623-4892-B0EE-C39EEFD0E4D5}.Debug|x64.Build.0 = Debug|Any CPU
		{F085CFF8-9623-4892-B0EE-C39EEFD0E4D5}.Debug|x86.ActiveCfg = Debug|Any CPU
		{F085CFF8-9623-4892-B0EE-C39EEFD0E4D5}.Debug|x86.Build.0 = Debug|Any CPU
		{F085CFF8-9623-4892-B0EE-C39EEFD0E4D5}.Release|Any CPU.ActiveCfg = Release|Any CPU
		{F085CFF8-9623-4892-B0EE-C39EEFD0E4D5}.Release|Any CPU.Build.0 = Release|Any CPU
		{F085CFF8-9623-4892-B0EE-C39EEFD0E4D5}.Release|Mixed Platforms.ActiveCfg = Release|Any CPU
		{F085CFF8-9623-4892-B0EE-C39EEFD0E4D5}.Release|Mixed Platforms.Build.0 = Release|Any CPU
		{F085CFF8-9623-4892-B0EE-C39EEFD0E4D5}.Release|NuGet_x64.ActiveCfg = Release|Any CPU
		{F085CFF8-9623-4892-B0EE-C39EEFD0E4D5}.Release|NuGet_x64.Build.0 = Release|Any CPU
		{F085CFF8-9623-4892-B0EE-C39EEFD0E4D5}.Release|NuGet_x86.ActiveCfg = Release|Any CPU
		{F085CFF8-9623-4892-B0EE-C39EEFD0E4D5}.Release|NuGet_x86.Build.0 = Release|Any CPU
		{F085CFF8-9623-4892-B0EE-C39EEFD0E4D5}.Release|x64.ActiveCfg = Release|Any CPU
		{F085CFF8-9623-4892-B0EE-C39EEFD0E4D5}.Release|x64.Build.0 = Release|Any CPU
		{F085CFF8-9623-4892-B0EE-C39EEFD0E4D5}.Release|x86.ActiveCfg = Release|Any CPU
		{F085CFF8-9623-4892-B0EE-C39EEFD0E4D5}.Release|x86.Build.0 = Release|Any CPU
		{9B3101B7-0F5C-49F3-8CCD-2763F73327C2}.Debug|Any CPU.ActiveCfg = Debug|Any CPU
		{9B3101B7-0F5C-49F3-8CCD-2763F73327C2}.Debug|Any CPU.Build.0 = Debug|Any CPU
		{9B3101B7-0F5C-49F3-8CCD-2763F73327C2}.Debug|Mixed Platforms.ActiveCfg = Debug|Any CPU
		{9B3101B7-0F5C-49F3-8CCD-2763F73327C2}.Debug|Mixed Platforms.Build.0 = Debug|Any CPU
		{9B3101B7-0F5C-49F3-8CCD-2763F73327C2}.Debug|NuGet_x64.ActiveCfg = Debug|Any CPU
		{9B3101B7-0F5C-49F3-8CCD-2763F73327C2}.Debug|NuGet_x64.Build.0 = Debug|Any CPU
		{9B3101B7-0F5C-49F3-8CCD-2763F73327C2}.Debug|NuGet_x86.ActiveCfg = Debug|Any CPU
		{9B3101B7-0F5C-49F3-8CCD-2763F73327C2}.Debug|NuGet_x86.Build.0 = Debug|Any CPU
		{9B3101B7-0F5C-49F3-8CCD-2763F73327C2}.Debug|x64.ActiveCfg = Debug|Any CPU
		{9B3101B7-0F5C-49F3-8CCD-2763F73327C2}.Debug|x64.Build.0 = Debug|Any CPU
		{9B3101B7-0F5C-49F3-8CCD-2763F73327C2}.Debug|x86.ActiveCfg = Debug|Any CPU
		{9B3101B7-0F5C-49F3-8CCD-2763F73327C2}.Debug|x86.Build.0 = Debug|Any CPU
		{9B3101B7-0F5C-49F3-8CCD-2763F73327C2}.Release|Any CPU.ActiveCfg = Release|Any CPU
		{9B3101B7-0F5C-49F3-8CCD-2763F73327C2}.Release|Any CPU.Build.0 = Release|Any CPU
		{9B3101B7-0F5C-49F3-8CCD-2763F73327C2}.Release|Mixed Platforms.ActiveCfg = Release|Any CPU
		{9B3101B7-0F5C-49F3-8CCD-2763F73327C2}.Release|Mixed Platforms.Build.0 = Release|Any CPU
		{9B3101B7-0F5C-49F3-8CCD-2763F73327C2}.Release|NuGet_x64.ActiveCfg = Release|Any CPU
		{9B3101B7-0F5C-49F3-8CCD-2763F73327C2}.Release|NuGet_x64.Build.0 = Release|Any CPU
		{9B3101B7-0F5C-49F3-8CCD-2763F73327C2}.Release|NuGet_x86.ActiveCfg = Release|Any CPU
		{9B3101B7-0F5C-49F3-8CCD-2763F73327C2}.Release|NuGet_x86.Build.0 = Release|Any CPU
		{9B3101B7-0F5C-49F3-8CCD-2763F73327C2}.Release|x64.ActiveCfg = Release|Any CPU
		{9B3101B7-0F5C-49F3-8CCD-2763F73327C2}.Release|x64.Build.0 = Release|Any CPU
		{9B3101B7-0F5C-49F3-8CCD-2763F73327C2}.Release|x86.ActiveCfg = Release|Any CPU
		{9B3101B7-0F5C-49F3-8CCD-2763F73327C2}.Release|x86.Build.0 = Release|Any CPU
	EndGlobalSection
	GlobalSection(SolutionProperties) = preSolution
		HideSolutionNode = FALSE
	EndGlobalSection
	GlobalSection(ExtensibilityGlobals) = postSolution
		SolutionGuid = {86DF5087-D02C-48D4-A3DC-ACCE1CBCEAB7}
	EndGlobalSection
EndGlobal
